
Microsoft Visual Studio Solution File, Format Version 12.00
# Visual Studio Version 17
VisualStudioVersion = 17.7.34031.279
MinimumVisualStudioVersion = 10.0.40219.1
Project("{FAE04EC0-301F-11D3-BF4B-00C04F79EFBC}") = "DemoProject", "DemoProject\DemoProject.csproj", "{767CBCD3-2504-463A-BF5F-FCFE3535D265}"
EndProject
Project("{FAE04EC0-301F-11D3-BF4B-00C04F79EFBC}") = "BLL", "BLL\BLL.csproj", "{BEF4DA3D-8243-413A-A9D0-3864A89D85A2}"
EndProject
Project("{FAE04EC0-301F-11D3-BF4B-00C04F79EFBC}") = "DAL", "DAL\DAL.csproj", "{D76BA35F-7D0C-4A4A-B933-235FF77B6D1D}"
EndProject
Global
	GlobalSection(SolutionConfigurationPlatforms) = preSolution
		Debug|Any CPU = Debug|Any CPU
		Release|Any CPU = Release|Any CPU
	EndGlobalSection
	GlobalSection(ProjectConfigurationPlatforms) = postSolution
		{767CBCD3-2504-463A-BF5F-FCFE3535D265}.Debug|Any CPU.ActiveCfg = Debug|Any CPU
		{767CBCD3-2504-463A-BF5F-FCFE3535D265}.Debug|Any CPU.Build.0 = Debug|Any CPU
		{767CBCD3-2504-463A-BF5F-FCFE3535D265}.Release|Any CPU.ActiveCfg = Release|Any CPU
		{767CBCD3-2504-463A-BF5F-FCFE3535D265}.Release|Any CPU.Build.0 = Release|Any CPU
		{BEF4DA3D-8243-413A-A9D0-3864A89D85A2}.Debug|Any CPU.ActiveCfg = Debug|Any CPU
		{BEF4DA3D-8243-413A-A9D0-3864A89D85A2}.Debug|Any CPU.Build.0 = Debug|Any CPU
		{BEF4DA3D-8243-413A-A9D0-3864A89D85A2}.Release|Any CPU.ActiveCfg = Release|Any CPU
		{BEF4DA3D-8243-413A-A9D0-3864A89D85A2}.Release|Any CPU.Build.0 = Release|Any CPU
		{D76BA35F-7D0C-4A4A-B933-235FF77B6D1D}.Debug|Any CPU.ActiveCfg = Debug|Any CPU
		{D76BA35F-7D0C-4A4A-B933-235FF77B6D1D}.Debug|Any CPU.Build.0 = Debug|Any CPU
		{D76BA35F-7D0C-4A4A-B933-235FF77B6D1D}.Release|Any CPU.ActiveCfg = Release|Any CPU
		{D76BA35F-7D0C-4A4A-B933-235FF77B6D1D}.Release|Any CPU.Build.0 = Release|Any CPU
	EndGlobalSection
	GlobalSection(SolutionProperties) = preSolution
		HideSolutionNode = FALSE
	EndGlobalSection
	GlobalSection(ExtensibilityGlobals) = postSolution
		SolutionGuid = {4A45950F-9D20-46A1-8813-4E28FAC1466A}
	EndGlobalSection
EndGlobal
